
Microsoft Visual Studio Solution File, Format Version 12.00
# Visual Studio 14
VisualStudioVersion = 14.0.25420.1
MinimumVisualStudioVersion = 10.0.40219.1
Project("{FAE04EC0-301F-11D3-BF4B-00C04F79EFBC}") = "Notes.Droid", "Notes\Notes.Droid\Notes.Droid.csproj", "{F4E2BC0C-AC95-44B0-A5AB-59234B30F27D}"
EndProject
Project("{FAE04EC0-301F-11D3-BF4B-00C04F79EFBC}") = "Notes.iOS", "Notes\Notes.iOS\Notes.iOS.csproj", "{BAD95DA2-5D92-4988-9F84-2FE0FC4AD681}"
EndProject
Project("{FAE04EC0-301F-11D3-BF4B-00C04F79EFBC}") = "Notes.UWP", "Notes\Notes.UWP\Notes.UWP.csproj", "{CA446C8A-21D6-43AA-B5AE-1B6BB1DFDFDA}"
EndProject
Project("{FAE04EC0-301F-11D3-BF4B-00C04F79EFBC}") = "Notes", "Notes\Notes\Notes.csproj", "{634D32E3-7EFF-4450-8F80-A2151BCF2742}"
EndProject
Global
	GlobalSection(SolutionConfigurationPlatforms) = preSolution
		Ad-Hoc|Any CPU = Ad-Hoc|Any CPU
		Ad-Hoc|ARM = Ad-Hoc|ARM
		Ad-Hoc|iPhone = Ad-Hoc|iPhone
		Ad-Hoc|iPhoneSimulator = Ad-Hoc|iPhoneSimulator
		Ad-Hoc|x64 = Ad-Hoc|x64
		Ad-Hoc|x86 = Ad-Hoc|x86
		AppStore|Any CPU = AppStore|Any CPU
		AppStore|ARM = AppStore|ARM
		AppStore|iPhone = AppStore|iPhone
		AppStore|iPhoneSimulator = AppStore|iPhoneSimulator
		AppStore|x64 = AppStore|x64
		AppStore|x86 = AppStore|x86
		Debug|Any CPU = Debug|Any CPU
		Debug|ARM = Debug|ARM
		Debug|iPhone = Debug|iPhone
		Debug|iPhoneSimulator = Debug|iPhoneSimulator
		Debug|x64 = Debug|x64
		Debug|x86 = Debug|x86
		Release|Any CPU = Release|Any CPU
		Release|ARM = Release|ARM
		Release|iPhone = Release|iPhone
		Release|iPhoneSimulator = Release|iPhoneSimulator
		Release|x64 = Release|x64
		Release|x86 = Release|x86
	EndGlobalSection
	GlobalSection(ProjectConfigurationPlatforms) = postSolution
		{F4E2BC0C-AC95-44B0-A5AB-59234B30F27D}.Ad-Hoc|Any CPU.ActiveCfg = Release|Any CPU
		{F4E2BC0C-AC95-44B0-A5AB-59234B30F27D}.Ad-Hoc|Any CPU.Build.0 = Release|Any CPU
		{F4E2BC0C-AC95-44B0-A5AB-59234B30F27D}.Ad-Hoc|Any CPU.Deploy.0 = Release|Any CPU
		{F4E2BC0C-AC95-44B0-A5AB-59234B30F27D}.Ad-Hoc|ARM.ActiveCfg = Release|Any CPU
		{F4E2BC0C-AC95-44B0-A5AB-59234B30F27D}.Ad-Hoc|ARM.Build.0 = Release|Any CPU
		{F4E2BC0C-AC95-44B0-A5AB-59234B30F27D}.Ad-Hoc|ARM.Deploy.0 = Release|Any CPU
		{F4E2BC0C-AC95-44B0-A5AB-59234B30F27D}.Ad-Hoc|iPhone.ActiveCfg = Release|Any CPU
		{F4E2BC0C-AC95-44B0-A5AB-59234B30F27D}.Ad-Hoc|iPhone.Build.0 = Release|Any CPU
		{F4E2BC0C-AC95-44B0-A5AB-59234B30F27D}.Ad-Hoc|iPhone.Deploy.0 = Release|Any CPU
		{F4E2BC0C-AC95-44B0-A5AB-59234B30F27D}.Ad-Hoc|iPhoneSimulator.ActiveCfg = Release|Any CPU
		{F4E2BC0C-AC95-44B0-A5AB-59234B30F27D}.Ad-Hoc|iPhoneSimulator.Build.0 = Release|Any CPU
		{F4E2BC0C-AC95-44B0-A5AB-59234B30F27D}.Ad-Hoc|iPhoneSimulator.Deploy.0 = Release|Any CPU
		{F4E2BC0C-AC95-44B0-A5AB-59234B30F27D}.Ad-Hoc|x64.ActiveCfg = Release|Any CPU
		{F4E2BC0C-AC95-44B0-A5AB-59234B30F27D}.Ad-Hoc|x64.Build.0 = Release|Any CPU
		{F4E2BC0C-AC95-44B0-A5AB-59234B30F27D}.Ad-Hoc|x64.Deploy.0 = Release|Any CPU
		{F4E2BC0C-AC95-44B0-A5AB-59234B30F27D}.Ad-Hoc|x86.ActiveCfg = Release|Any CPU
		{F4E2BC0C-AC95-44B0-A5AB-59234B30F27D}.Ad-Hoc|x86.Build.0 = Release|Any CPU
		{F4E2BC0C-AC95-44B0-A5AB-59234B30F27D}.Ad-Hoc|x86.Deploy.0 = Release|Any CPU
		{F4E2BC0C-AC95-44B0-A5AB-59234B30F27D}.AppStore|Any CPU.ActiveCfg = Release|Any CPU
		{F4E2BC0C-AC95-44B0-A5AB-59234B30F27D}.AppStore|Any CPU.Build.0 = Release|Any CPU
		{F4E2BC0C-AC95-44B0-A5AB-59234B30F27D}.AppStore|Any CPU.Deploy.0 = Release|Any CPU
		{F4E2BC0C-AC95-44B0-A5AB-59234B30F27D}.AppStore|ARM.ActiveCfg = Release|Any CPU
		{F4E2BC0C-AC95-44B0-A5AB-59234B30F27D}.AppStore|ARM.Build.0 = Release|Any CPU
		{F4E2BC0C-AC95-44B0-A5AB-59234B30F27D}.AppStore|ARM.Deploy.0 = Release|Any CPU
		{F4E2BC0C-AC95-44B0-A5AB-59234B30F27D}.AppStore|iPhone.ActiveCfg = Release|Any CPU
		{F4E2BC0C-AC95-44B0-A5AB-59234B30F27D}.AppStore|iPhone.Build.0 = Release|Any CPU
		{F4E2BC0C-AC95-44B0-A5AB-59234B30F27D}.AppStore|iPhone.Deploy.0 = Release|Any CPU
		{F4E2BC0C-AC95-44B0-A5AB-59234B30F27D}.AppStore|iPhoneSimulator.ActiveCfg = Release|Any CPU
		{F4E2BC0C-AC95-44B0-A5AB-59234B30F27D}.AppStore|iPhoneSimulator.Build.0 = Release|Any CPU
		{F4E2BC0C-AC95-44B0-A5AB-59234B30F27D}.AppStore|iPhoneSimulator.Deploy.0 = Release|Any CPU
		{F4E2BC0C-AC95-44B0-A5AB-59234B30F27D}.AppStore|x64.ActiveCfg = Release|Any CPU
		{F4E2BC0C-AC95-44B0-A5AB-59234B30F27D}.AppStore|x64.Build.0 = Release|Any CPU
		{F4E2BC0C-AC95-44B0-A5AB-59234B30F27D}.AppStore|x64.Deploy.0 = Release|Any CPU
		{F4E2BC0C-AC95-44B0-A5AB-59234B30F27D}.AppStore|x86.ActiveCfg = Release|Any CPU
		{F4E2BC0C-AC95-44B0-A5AB-59234B30F27D}.AppStore|x86.Build.0 = Release|Any CPU
		{F4E2BC0C-AC95-44B0-A5AB-59234B30F27D}.AppStore|x86.Deploy.0 = Release|Any CPU
		{F4E2BC0C-AC95-44B0-A5AB-59234B30F27D}.Debug|Any CPU.ActiveCfg = Debug|Any CPU
		{F4E2BC0C-AC95-44B0-A5AB-59234B30F27D}.Debug|Any CPU.Build.0 = Debug|Any CPU
		{F4E2BC0C-AC95-44B0-A5AB-59234B30F27D}.Debug|Any CPU.Deploy.0 = Debug|Any CPU
		{F4E2BC0C-AC95-44B0-A5AB-59234B30F27D}.Debug|ARM.ActiveCfg = Debug|Any CPU
		{F4E2BC0C-AC95-44B0-A5AB-59234B30F27D}.Debug|ARM.Build.0 = Debug|Any CPU
		{F4E2BC0C-AC95-44B0-A5AB-59234B30F27D}.Debug|ARM.Deploy.0 = Debug|Any CPU
		{F4E2BC0C-AC95-44B0-A5AB-59234B30F27D}.Debug|iPhone.ActiveCfg = Debug|Any CPU
		{F4E2BC0C-AC95-44B0-A5AB-59234B30F27D}.Debug|iPhone.Build.0 = Debug|Any CPU
		{F4E2BC0C-AC95-44B0-A5AB-59234B30F27D}.Debug|iPhone.Deploy.0 = Debug|Any CPU
		{F4E2BC0C-AC95-44B0-A5AB-59234B30F27D}.Debug|iPhoneSimulator.ActiveCfg = Debug|Any CPU
		{F4E2BC0C-AC95-44B0-A5AB-59234B30F27D}.Debug|iPhoneSimulator.Build.0 = Debug|Any CPU
		{F4E2BC0C-AC95-44B0-A5AB-59234B30F27D}.Debug|iPhoneSimulator.Deploy.0 = Debug|Any CPU
		{F4E2BC0C-AC95-44B0-A5AB-59234B30F27D}.Debug|x64.ActiveCfg = Debug|Any CPU
		{F4E2BC0C-AC95-44B0-A5AB-59234B30F27D}.Debug|x64.Build.0 = Debug|Any CPU
		{F4E2BC0C-AC95-44B0-A5AB-59234B30F27D}.Debug|x64.Deploy.0 = Debug|Any CPU
		{F4E2BC0C-AC95-44B0-A5AB-59234B30F27D}.Debug|x86.ActiveCfg = Debug|Any CPU
		{F4E2BC0C-AC95-44B0-A5AB-59234B30F27D}.Debug|x86.Build.0 = Debug|Any CPU
		{F4E2BC0C-AC95-44B0-A5AB-59234B30F27D}.Debug|x86.Deploy.0 = Debug|Any CPU
		{F4E2BC0C-AC95-44B0-A5AB-59234B30F27D}.Release|Any CPU.ActiveCfg = Release|Any CPU
		{F4E2BC0C-AC95-44B0-A5AB-59234B30F27D}.Release|Any CPU.Build.0 = Release|Any CPU
		{F4E2BC0C-AC95-44B0-A5AB-59234B30F27D}.Release|Any CPU.Deploy.0 = Release|Any CPU
		{F4E2BC0C-AC95-44B0-A5AB-59234B30F27D}.Release|ARM.ActiveCfg = Release|Any CPU
		{F4E2BC0C-AC95-44B0-A5AB-59234B30F27D}.Release|ARM.Build.0 = Release|Any CPU
		{F4E2BC0C-AC95-44B0-A5AB-59234B30F27D}.Release|ARM.Deploy.0 = Release|Any CPU
		{F4E2BC0C-AC95-44B0-A5AB-59234B30F27D}.Release|iPhone.ActiveCfg = Release|Any CPU
		{F4E2BC0C-AC95-44B0-A5AB-59234B30F27D}.Release|iPhone.Build.0 = Release|Any CPU
		{F4E2BC0C-AC95-44B0-A5AB-59234B30F27D}.Release|iPhone.Deploy.0 = Release|Any CPU
		{F4E2BC0C-AC95-44B0-A5AB-59234B30F27D}.Release|iPhoneSimulator.ActiveCfg = Release|Any CPU
		{F4E2BC0C-AC95-44B0-A5AB-59234B30F27D}.Release|iPhoneSimulator.Build.0 = Release|Any CPU
		{F4E2BC0C-AC95-44B0-A5AB-59234B30F27D}.Release|iPhoneSimulator.Deploy.0 = Release|Any CPU
		{F4E2BC0C-AC95-44B0-A5AB-59234B30F27D}.Release|x64.ActiveCfg = Release|Any CPU
		{F4E2BC0C-AC95-44B0-A5AB-59234B30F27D}.Release|x64.Build.0 = Release|Any CPU
		{F4E2BC0C-AC95-44B0-A5AB-59234B30F27D}.Release|x64.Deploy.0 = Release|Any CPU
		{F4E2BC0C-AC95-44B0-A5AB-59234B30F27D}.Release|x86.ActiveCfg = Release|Any CPU
		{F4E2BC0C-AC95-44B0-A5AB-59234B30F27D}.Release|x86.Build.0 = Release|Any CPU
		{F4E2BC0C-AC95-44B0-A5AB-59234B30F27D}.Release|x86.Deploy.0 = Release|Any CPU
		{BAD95DA2-5D92-4988-9F84-2FE0FC4AD681}.Ad-Hoc|Any CPU.ActiveCfg = Ad-Hoc|iPhone
		{BAD95DA2-5D92-4988-9F84-2FE0FC4AD681}.Ad-Hoc|ARM.ActiveCfg = Ad-Hoc|iPhone
		{BAD95DA2-5D92-4988-9F84-2FE0FC4AD681}.Ad-Hoc|iPhone.ActiveCfg = Ad-Hoc|iPhone
		{BAD95DA2-5D92-4988-9F84-2FE0FC4AD681}.Ad-Hoc|iPhone.Build.0 = Ad-Hoc|iPhone
		{BAD95DA2-5D92-4988-9F84-2FE0FC4AD681}.Ad-Hoc|iPhoneSimulator.ActiveCfg = Ad-Hoc|iPhoneSimulator
		{BAD95DA2-5D92-4988-9F84-2FE0FC4AD681}.Ad-Hoc|iPhoneSimulator.Build.0 = Ad-Hoc|iPhoneSimulator
		{BAD95DA2-5D92-4988-9F84-2FE0FC4AD681}.Ad-Hoc|x64.ActiveCfg = Ad-Hoc|iPhone
		{BAD95DA2-5D92-4988-9F84-2FE0FC4AD681}.Ad-Hoc|x86.ActiveCfg = Ad-Hoc|iPhone
		{BAD95DA2-5D92-4988-9F84-2FE0FC4AD681}.AppStore|Any CPU.ActiveCfg = AppStore|iPhone
		{BAD95DA2-5D92-4988-9F84-2FE0FC4AD681}.AppStore|ARM.ActiveCfg = AppStore|iPhone
		{BAD95DA2-5D92-4988-9F84-2FE0FC4AD681}.AppStore|iPhone.ActiveCfg = AppStore|iPhone
		{BAD95DA2-5D92-4988-9F84-2FE0FC4AD681}.AppStore|iPhone.Build.0 = AppStore|iPhone
		{BAD95DA2-5D92-4988-9F84-2FE0FC4AD681}.AppStore|iPhoneSimulator.ActiveCfg = AppStore|iPhoneSimulator
		{BAD95DA2-5D92-4988-9F84-2FE0FC4AD681}.AppStore|iPhoneSimulator.Build.0 = AppStore|iPhoneSimulator
		{BAD95DA2-5D92-4988-9F84-2FE0FC4AD681}.AppStore|x64.ActiveCfg = AppStore|iPhone
		{BAD95DA2-5D92-4988-9F84-2FE0FC4AD681}.AppStore|x86.ActiveCfg = AppStore|iPhone
		{BAD95DA2-5D92-4988-9F84-2FE0FC4AD681}.Debug|Any CPU.ActiveCfg = Debug|iPhone
		{BAD95DA2-5D92-4988-9F84-2FE0FC4AD681}.Debug|ARM.ActiveCfg = Debug|iPhone
		{BAD95DA2-5D92-4988-9F84-2FE0FC4AD681}.Debug|iPhone.ActiveCfg = Debug|iPhone
		{BAD95DA2-5D92-4988-9F84-2FE0FC4AD681}.Debug|iPhone.Build.0 = Debug|iPhone
		{BAD95DA2-5D92-4988-9F84-2FE0FC4AD681}.Debug|iPhoneSimulator.ActiveCfg = Debug|iPhoneSimulator
		{BAD95DA2-5D92-4988-9F84-2FE0FC4AD681}.Debug|iPhoneSimulator.Build.0 = Debug|iPhoneSimulator
		{BAD95DA2-5D92-4988-9F84-2FE0FC4AD681}.Debug|x64.ActiveCfg = Debug|iPhone
		{BAD95DA2-5D92-4988-9F84-2FE0FC4AD681}.Debug|x86.ActiveCfg = Debug|iPhone
		{BAD95DA2-5D92-4988-9F84-2FE0FC4AD681}.Release|Any CPU.ActiveCfg = Release|iPhone
		{BAD95DA2-5D92-4988-9F84-2FE0FC4AD681}.Release|ARM.ActiveCfg = Release|iPhone
		{BAD95DA2-5D92-4988-9F84-2FE0FC4AD681}.Release|iPhone.ActiveCfg = Release|iPhone
		{BAD95DA2-5D92-4988-9F84-2FE0FC4AD681}.Release|iPhone.Build.0 = Release|iPhone
		{BAD95DA2-5D92-4988-9F84-2FE0FC4AD681}.Release|iPhoneSimulator.ActiveCfg = Release|iPhoneSimulator
		{BAD95DA2-5D92-4988-9F84-2FE0FC4AD681}.Release|iPhoneSimulator.Build.0 = Release|iPhoneSimulator
		{BAD95DA2-5D92-4988-9F84-2FE0FC4AD681}.Release|x64.ActiveCfg = Release|iPhone
		{BAD95DA2-5D92-4988-9F84-2FE0FC4AD681}.Release|x86.ActiveCfg = Release|iPhone
		{CA446C8A-21D6-43AA-B5AE-1B6BB1DFDFDA}.Ad-Hoc|Any CPU.ActiveCfg = Release|x86
		{CA446C8A-21D6-43AA-B5AE-1B6BB1DFDFDA}.Ad-Hoc|Any CPU.Build.0 = Release|x86
		{CA446C8A-21D6-43AA-B5AE-1B6BB1DFDFDA}.Ad-Hoc|Any CPU.Deploy.0 = Release|x86
		{CA446C8A-21D6-43AA-B5AE-1B6BB1DFDFDA}.Ad-Hoc|ARM.ActiveCfg = Release|ARM
		{CA446C8A-21D6-43AA-B5AE-1B6BB1DFDFDA}.Ad-Hoc|ARM.Build.0 = Release|ARM
		{CA446C8A-21D6-43AA-B5AE-1B6BB1DFDFDA}.Ad-Hoc|ARM.Deploy.0 = Release|ARM
		{CA446C8A-21D6-43AA-B5AE-1B6BB1DFDFDA}.Ad-Hoc|iPhone.ActiveCfg = Release|x86
		{CA446C8A-21D6-43AA-B5AE-1B6BB1DFDFDA}.Ad-Hoc|iPhone.Build.0 = Release|x86
		{CA446C8A-21D6-43AA-B5AE-1B6BB1DFDFDA}.Ad-Hoc|iPhone.Deploy.0 = Release|x86
		{CA446C8A-21D6-43AA-B5AE-1B6BB1DFDFDA}.Ad-Hoc|iPhoneSimulator.ActiveCfg = Release|x86
		{CA446C8A-21D6-43AA-B5AE-1B6BB1DFDFDA}.Ad-Hoc|iPhoneSimulator.Build.0 = Release|x86
		{CA446C8A-21D6-43AA-B5AE-1B6BB1DFDFDA}.Ad-Hoc|iPhoneSimulator.Deploy.0 = Release|x86
		{CA446C8A-21D6-43AA-B5AE-1B6BB1DFDFDA}.Ad-Hoc|x64.ActiveCfg = Release|x64
		{CA446C8A-21D6-43AA-B5AE-1B6BB1DFDFDA}.Ad-Hoc|x64.Build.0 = Release|x64
		{CA446C8A-21D6-43AA-B5AE-1B6BB1DFDFDA}.Ad-Hoc|x64.Deploy.0 = Release|x64
		{CA446C8A-21D6-43AA-B5AE-1B6BB1DFDFDA}.Ad-Hoc|x86.ActiveCfg = Release|x86
		{CA446C8A-21D6-43AA-B5AE-1B6BB1DFDFDA}.Ad-Hoc|x86.Build.0 = Release|x86
		{CA446C8A-21D6-43AA-B5AE-1B6BB1DFDFDA}.Ad-Hoc|x86.Deploy.0 = Release|x86
		{CA446C8A-21D6-43AA-B5AE-1B6BB1DFDFDA}.AppStore|Any CPU.ActiveCfg = Release|x86
		{CA446C8A-21D6-43AA-B5AE-1B6BB1DFDFDA}.AppStore|Any CPU.Build.0 = Release|x86
		{CA446C8A-21D6-43AA-B5AE-1B6BB1DFDFDA}.AppStore|Any CPU.Deploy.0 = Release|x86
		{CA446C8A-21D6-43AA-B5AE-1B6BB1DFDFDA}.AppStore|ARM.ActiveCfg = Release|ARM
		{CA446C8A-21D6-43AA-B5AE-1B6BB1DFDFDA}.AppStore|ARM.Build.0 = Release|ARM
		{CA446C8A-21D6-43AA-B5AE-1B6BB1DFDFDA}.AppStore|ARM.Deploy.0 = Release|ARM
		{CA446C8A-21D6-43AA-B5AE-1B6BB1DFDFDA}.AppStore|iPhone.ActiveCfg = Release|x86
		{CA446C8A-21D6-43AA-B5AE-1B6BB1DFDFDA}.AppStore|iPhone.Build.0 = Release|x86
		{CA446C8A-21D6-43AA-B5AE-1B6BB1DFDFDA}.AppStore|iPhone.Deploy.0 = Release|x86
		{CA446C8A-21D6-43AA-B5AE-1B6BB1DFDFDA}.AppStore|iPhoneSimulator.ActiveCfg = Release|x86
		{CA446C8A-21D6-43AA-B5AE-1B6BB1DFDFDA}.AppStore|iPhoneSimulator.Build.0 = Release|x86
		{CA446C8A-21D6-43AA-B5AE-1B6BB1DFDFDA}.AppStore|iPhoneSimulator.Deploy.0 = Release|x86
		{CA446C8A-21D6-43AA-B5AE-1B6BB1DFDFDA}.AppStore|x64.ActiveCfg = Release|x64
		{CA446C8A-21D6-43AA-B5AE-1B6BB1DFDFDA}.AppStore|x64.Build.0 = Release|x64
		{CA446C8A-21D6-43AA-B5AE-1B6BB1DFDFDA}.AppStore|x64.Deploy.0 = Release|x64
		{CA446C8A-21D6-43AA-B5AE-1B6BB1DFDFDA}.AppStore|x86.ActiveCfg = Release|x86
		{CA446C8A-21D6-43AA-B5AE-1B6BB1DFDFDA}.AppStore|x86.Build.0 = Release|x86
		{CA446C8A-21D6-43AA-B5AE-1B6BB1DFDFDA}.AppStore|x86.Deploy.0 = Release|x86
		{CA446C8A-21D6-43AA-B5AE-1B6BB1DFDFDA}.Debug|Any CPU.ActiveCfg = Debug|x86
		{CA446C8A-21D6-43AA-B5AE-1B6BB1DFDFDA}.Debug|Any CPU.Build.0 = Debug|x86
		{CA446C8A-21D6-43AA-B5AE-1B6BB1DFDFDA}.Debug|Any CPU.Deploy.0 = Debug|x86
		{CA446C8A-21D6-43AA-B5AE-1B6BB1DFDFDA}.Debug|ARM.ActiveCfg = Debug|ARM
		{CA446C8A-21D6-43AA-B5AE-1B6BB1DFDFDA}.Debug|ARM.Build.0 = Debug|ARM
		{CA446C8A-21D6-43AA-B5AE-1B6BB1DFDFDA}.Debug|ARM.Deploy.0 = Debug|ARM
		{CA446C8A-21D6-43AA-B5AE-1B6BB1DFDFDA}.Debug|iPhone.ActiveCfg = Debug|x86
		{CA446C8A-21D6-43AA-B5AE-1B6BB1DFDFDA}.Debug|iPhoneSimulator.ActiveCfg = Debug|x86
		{CA446C8A-21D6-43AA-B5AE-1B6BB1DFDFDA}.Debug|x64.ActiveCfg = Debug|x64
		{CA446C8A-21D6-43AA-B5AE-1B6BB1DFDFDA}.Debug|x64.Build.0 = Debug|x64
		{CA446C8A-21D6-43AA-B5AE-1B6BB1DFDFDA}.Debug|x64.Deploy.0 = Debug|x64
		{CA446C8A-21D6-43AA-B5AE-1B6BB1DFDFDA}.Debug|x86.ActiveCfg = Debug|x86
		{CA446C8A-21D6-43AA-B5AE-1B6BB1DFDFDA}.Debug|x86.Build.0 = Debug|x86
		{CA446C8A-21D6-43AA-B5AE-1B6BB1DFDFDA}.Debug|x86.Deploy.0 = Debug|x86
		{CA446C8A-21D6-43AA-B5AE-1B6BB1DFDFDA}.Release|Any CPU.ActiveCfg = Release|x86
		{CA446C8A-21D6-43AA-B5AE-1B6BB1DFDFDA}.Release|ARM.ActiveCfg = Release|ARM
		{CA446C8A-21D6-43AA-B5AE-1B6BB1DFDFDA}.Release|ARM.Build.0 = Release|ARM
		{CA446C8A-21D6-43AA-B5AE-1B6BB1DFDFDA}.Release|ARM.Deploy.0 = Release|ARM
		{CA446C8A-21D6-43AA-B5AE-1B6BB1DFDFDA}.Release|iPhone.ActiveCfg = Release|x86
		{CA446C8A-21D6-43AA-B5AE-1B6BB1DFDFDA}.Release|iPhoneSimulator.ActiveCfg = Release|x86
		{CA446C8A-21D6-43AA-B5AE-1B6BB1DFDFDA}.Release|x64.ActiveCfg = Release|x64
		{CA446C8A-21D6-43AA-B5AE-1B6BB1DFDFDA}.Release|x64.Build.0 = Release|x64
		{CA446C8A-21D6-43AA-B5AE-1B6BB1DFDFDA}.Release|x64.Deploy.0 = Release|x64
		{CA446C8A-21D6-43AA-B5AE-1B6BB1DFDFDA}.Release|x86.ActiveCfg = Release|x86
		{CA446C8A-21D6-43AA-B5AE-1B6BB1DFDFDA}.Release|x86.Build.0 = Release|x86
		{CA446C8A-21D6-43AA-B5AE-1B6BB1DFDFDA}.Release|x86.Deploy.0 = Release|x86
		{634D32E3-7EFF-4450-8F80-A2151BCF2742}.Ad-Hoc|Any CPU.ActiveCfg = Release|Any CPU
		{634D32E3-7EFF-4450-8F80-A2151BCF2742}.Ad-Hoc|Any CPU.Build.0 = Release|Any CPU
		{634D32E3-7EFF-4450-8F80-A2151BCF2742}.Ad-Hoc|ARM.ActiveCfg = Release|Any CPU
		{634D32E3-7EFF-4450-8F80-A2151BCF2742}.Ad-Hoc|ARM.Build.0 = Release|Any CPU
		{634D32E3-7EFF-4450-8F80-A2151BCF2742}.Ad-Hoc|iPhone.ActiveCfg = Release|Any CPU
		{634D32E3-7EFF-4450-8F80-A2151BCF2742}.Ad-Hoc|iPhone.Build.0 = Release|Any CPU
		{634D32E3-7EFF-4450-8F80-A2151BCF2742}.Ad-Hoc|iPhoneSimulator.ActiveCfg = Release|Any CPU
		{634D32E3-7EFF-4450-8F80-A2151BCF2742}.Ad-Hoc|iPhoneSimulator.Build.0 = Release|Any CPU
		{634D32E3-7EFF-4450-8F80-A2151BCF2742}.Ad-Hoc|x64.ActiveCfg = Release|Any CPU
		{634D32E3-7EFF-4450-8F80-A2151BCF2742}.Ad-Hoc|x64.Build.0 = Release|Any CPU
		{634D32E3-7EFF-4450-8F80-A2151BCF2742}.Ad-Hoc|x86.ActiveCfg = Release|Any CPU
		{634D32E3-7EFF-4450-8F80-A2151BCF2742}.Ad-Hoc|x86.Build.0 = Release|Any CPU
		{634D32E3-7EFF-4450-8F80-A2151BCF2742}.AppStore|Any CPU.ActiveCfg = Release|Any CPU
		{634D32E3-7EFF-4450-8F80-A2151BCF2742}.AppStore|Any CPU.Build.0 = Release|Any CPU
		{634D32E3-7EFF-4450-8F80-A2151BCF2742}.AppStore|ARM.ActiveCfg = Release|Any CPU
		{634D32E3-7EFF-4450-8F80-A2151BCF2742}.AppStore|ARM.Build.0 = Release|Any CPU
		{634D32E3-7EFF-4450-8F80-A2151BCF2742}.AppStore|iPhone.ActiveCfg = Release|Any CPU
		{634D32E3-7EFF-4450-8F80-A2151BCF2742}.AppStore|iPhone.Build.0 = Release|Any CPU
		{634D32E3-7EFF-4450-8F80-A2151BCF2742}.AppStore|iPhoneSimulator.ActiveCfg = Release|Any CPU
		{634D32E3-7EFF-4450-8F80-A2151BCF2742}.AppStore|iPhoneSimulator.Build.0 = Release|Any CPU
		{634D32E3-7EFF-4450-8F80-A2151BCF2742}.AppStore|x64.ActiveCfg = Release|Any CPU
		{634D32E3-7EFF-4450-8F80-A2151BCF2742}.AppStore|x64.Build.0 = Release|Any CPU
		{634D32E3-7EFF-4450-8F80-A2151BCF2742}.AppStore|x86.ActiveCfg = Release|Any CPU
		{634D32E3-7EFF-4450-8F80-A2151BCF2742}.AppStore|x86.Build.0 = Release|Any CPU
		{634D32E3-7EFF-4450-8F80-A2151BCF2742}.Debug|Any CPU.ActiveCfg = Debug|Any CPU
		{634D32E3-7EFF-4450-8F80-A2151BCF2742}.Debug|Any CPU.Build.0 = Debug|Any CPU
		{634D32E3-7EFF-4450-8F80-A2151BCF2742}.Debug|ARM.ActiveCfg = Debug|Any CPU
		{634D32E3-7EFF-4450-8F80-A2151BCF2742}.Debug|ARM.Build.0 = Debug|Any CPU
		{634D32E3-7EFF-4450-8F80-A2151BCF2742}.Debug|iPhone.ActiveCfg = Debug|Any CPU
		{634D32E3-7EFF-4450-8F80-A2151BCF2742}.Debug|iPhone.Build.0 = Debug|Any CPU
		{634D32E3-7EFF-4450-8F80-A2151BCF2742}.Debug|iPhoneSimulator.ActiveCfg = Debug|Any CPU
		{634D32E3-7EFF-4450-8F80-A2151BCF2742}.Debug|iPhoneSimulator.Build.0 = Debug|Any CPU
		{634D32E3-7EFF-4450-8F80-A2151BCF2742}.Debug|x64.ActiveCfg = Debug|Any CPU
		{634D32E3-7EFF-4450-8F80-A2151BCF2742}.Debug|x64.Build.0 = Debug|Any CPU
		{634D32E3-7EFF-4450-8F80-A2151BCF2742}.Debug|x86.ActiveCfg = Debug|Any CPU
		{634D32E3-7EFF-4450-8F80-A2151BCF2742}.Debug|x86.Build.0 = Debug|Any CPU
		{634D32E3-7EFF-4450-8F80-A2151BCF2742}.Release|Any CPU.ActiveCfg = Release|Any CPU
		{634D32E3-7EFF-4450-8F80-A2151BCF2742}.Release|Any CPU.Build.0 = Release|Any CPU
		{634D32E3-7EFF-4450-8F80-A2151BCF2742}.Release|ARM.ActiveCfg = Release|Any CPU
		{634D32E3-7EFF-4450-8F80-A2151BCF2742}.Release|ARM.Build.0 = Release|Any CPU
		{634D32E3-7EFF-4450-8F80-A2151BCF2742}.Release|iPhone.ActiveCfg = Release|Any CPU
		{634D32E3-7EFF-4450-8F80-A2151BCF2742}.Release|iPhone.Build.0 = Release|Any CPU
		{634D32E3-7EFF-4450-8F80-A2151BCF2742}.Release|iPhoneSimulator.ActiveCfg = Release|Any CPU
		{634D32E3-7EFF-4450-8F80-A2151BCF2742}.Release|iPhoneSimulator.Build.0 = Release|Any CPU
		{634D32E3-7EFF-4450-8F80-A2151BCF2742}.Release|x64.ActiveCfg = Release|Any CPU
		{634D32E3-7EFF-4450-8F80-A2151BCF2742}.Release|x64.Build.0 = Release|Any CPU
		{634D32E3-7EFF-4450-8F80-A2151BCF2742}.Release|x86.ActiveCfg = Release|Any CPU
		{634D32E3-7EFF-4450-8F80-A2151BCF2742}.Release|x86.Build.0 = Release|Any CPU
	EndGlobalSection
	GlobalSection(SolutionProperties) = preSolution
		HideSolutionNode = FALSE
	EndGlobalSection
EndGlobal
